// !$*UTF8*$!
{
	archiveVersion = 1;
	classes = {
	};
	objectVersion = 46;
	objects = {

/* Begin PBXBuildFile section */
		711A34301DC3539000F5B5D2 /* AppDelegate.m in Sources */ = {isa = PBXBuildFile; fileRef = 711A342F1DC3539000F5B5D2 /* AppDelegate.m */; };
		711A34331DC3539000F5B5D2 /* main.m in Sources */ = {isa = PBXBuildFile; fileRef = 711A34321DC3539000F5B5D2 /* main.m */; };
		711A34381DC3539000F5B5D2 /* Assets.xcassets in Resources */ = {isa = PBXBuildFile; fileRef = 711A34371DC3539000F5B5D2 /* Assets.xcassets */; };
		711A343B1DC3539000F5B5D2 /* Main.storyboard in Resources */ = {isa = PBXBuildFile; fileRef = 711A34391DC3539000F5B5D2 /* Main.storyboard */; };
		BA10437C25EB63320066BA1B /* WindowVC.m in Sources */ = {isa = PBXBuildFile; fileRef = BA10437A25EB63320066BA1B /* WindowVC.m */; };
		BA10438325EBB6A60066BA1B /* FixtureVC.m in Sources */ = {isa = PBXBuildFile; fileRef = BA10438125EBB6A60066BA1B /* FixtureVC.m */; };
		BA10438425EBB6A60066BA1B /* FixtureVC.xib in Resources */ = {isa = PBXBuildFile; fileRef = BA10438225EBB6A60066BA1B /* FixtureVC.xib */; };
		BA10438C25EBDE450066BA1B /* EditCmdsVC.m in Sources */ = {isa = PBXBuildFile; fileRef = BA10438A25EBDE450066BA1B /* EditCmdsVC.m */; };
		BA10438D25EBDE450066BA1B /* EditCmdsVC.xib in Resources */ = {isa = PBXBuildFile; fileRef = BA10438B25EBDE450066BA1B /* EditCmdsVC.xib */; };
		BA1D976F2631CF2D0066545F /* CwGeneralManagerFrameWork.framework in Frameworks */ = {isa = PBXBuildFile; fileRef = BA1D976E2631CF2D0066545F /* CwGeneralManagerFrameWork.framework */; };
		BA1D97702631CF2D0066545F /* CwGeneralManagerFrameWork.framework in Embed Frameworks */ = {isa = PBXBuildFile; fileRef = BA1D976E2631CF2D0066545F /* CwGeneralManagerFrameWork.framework */; settings = {ATTRIBUTES = (CodeSignOnCopy, RemoveHeadersOnCopy, ); }; };
		BA7F9970262F2BB80016F975 /* CatchFwVc.m in Sources */ = {isa = PBXBuildFile; fileRef = BA7F996E262F2BB80016F975 /* CatchFwVc.m */; };
		BA7F9971262F2BB80016F975 /* CatchFwVc.xib in Resources */ = {isa = PBXBuildFile; fileRef = BA7F996F262F2BB80016F975 /* CatchFwVc.xib */; };
		BA7F9973262F31E30016F975 /* DFU_Station_CatchFW.py in Resources */ = {isa = PBXBuildFile; fileRef = BA7F9972262F31E30016F975 /* DFU_Station_CatchFW.py */; };
		BA8E4C8C25EBE7810056F67F /* SnVauleMode.m in Sources */ = {isa = PBXBuildFile; fileRef = BA8E4C8B25EBE7810056F67F /* SnVauleMode.m */; };
		BAB4315225B32A38003F0AFB /* ExtensionConst.m in Sources */ = {isa = PBXBuildFile; fileRef = BAB4315025B32A38003F0AFB /* ExtensionConst.m */; };
		BAB4317225B332E2003F0AFB /* ViewController.xib in Resources */ = {isa = PBXBuildFile; fileRef = BAB4316F25B332E2003F0AFB /* ViewController.xib */; };
		BAB4317325B332E2003F0AFB /* ViewController.m in Sources */ = {isa = PBXBuildFile; fileRef = BAB4317125B332E2003F0AFB /* ViewController.m */; };
		BAE84F33262DBEEB00C42696 /* AtlasLogVC.m in Sources */ = {isa = PBXBuildFile; fileRef = BAE84F30262DBEEA00C42696 /* AtlasLogVC.m */; };
		BAE84F34262DBEEB00C42696 /* AtlasLogVC.xib in Resources */ = {isa = PBXBuildFile; fileRef = BAE84F31262DBEEB00C42696 /* AtlasLogVC.xib */; };
		BAE84F3A262DBEFE00C42696 /* ItemMode.m in Sources */ = {isa = PBXBuildFile; fileRef = BAE84F38262DBEFD00C42696 /* ItemMode.m */; };
		BAE84F3D262DC0F800C42696 /* AtlasMode.m in Sources */ = {isa = PBXBuildFile; fileRef = BAE84F3C262DC0F800C42696 /* AtlasMode.m */; };
		BAE84F40262DE86500C42696 /* FileDragView.m in Sources */ = {isa = PBXBuildFile; fileRef = BAE84F3F262DE86500C42696 /* FileDragView.m */; };
		BAE84F42262F255B00C42696 /* libDFUFixture.dylib in Embed Frameworks */ = {isa = PBXBuildFile; fileRef = BAE84F41262F255B00C42696 /* libDFUFixture.dylib */; settings = {ATTRIBUTES = (CodeSignOnCopy, ); }; };
		BAE84F43262F257500C42696 /* libDFUFixture.dylib in Frameworks */ = {isa = PBXBuildFile; fileRef = BAE84F41262F255B00C42696 /* libDFUFixture.dylib */; };
/* End PBXBuildFile section */

/* Begin PBXCopyFilesBuildPhase section */
		BA8E4D4325ED42DA0056F67F /* Embed Frameworks */ = {
			isa = PBXCopyFilesBuildPhase;
			buildActionMask = 2147483647;
			dstPath = "";
			dstSubfolderSpec = 10;
			files = (
				BA1D97702631CF2D0066545F /* CwGeneralManagerFrameWork.framework in Embed Frameworks */,
				BAE84F42262F255B00C42696 /* libDFUFixture.dylib in Embed Frameworks */,
			);
			name = "Embed Frameworks";
			runOnlyForDeploymentPostprocessing = 0;
		};
/* End PBXCopyFilesBuildPhase section */

/* Begin PBXFileReference section */
		711A342B1DC3539000F5B5D2 /* DFU_Tool.app */ = {isa = PBXFileReference; explicitFileType = wrapper.application; includeInIndex = 0; path = DFU_Tool.app; sourceTree = BUILT_PRODUCTS_DIR; };
		711A342E1DC3539000F5B5D2 /* AppDelegate.h */ = {isa = PBXFileReference; lastKnownFileType = sourcecode.c.h; path = AppDelegate.h; sourceTree = "<group>"; };
		711A342F1DC3539000F5B5D2 /* AppDelegate.m */ = {isa = PBXFileReference; lastKnownFileType = sourcecode.c.objc; path = AppDelegate.m; sourceTree = "<group>"; };
		711A34321DC3539000F5B5D2 /* main.m */ = {isa = PBXFileReference; lastKnownFileType = sourcecode.c.objc; path = main.m; sourceTree = "<group>"; };
		711A34371DC3539000F5B5D2 /* Assets.xcassets */ = {isa = PBXFileReference; lastKnownFileType = folder.assetcatalog; path = Assets.xcassets; sourceTree = "<group>"; };
		711A343A1DC3539000F5B5D2 /* Base */ = {isa = PBXFileReference; lastKnownFileType = file.storyboard; name = Base; path = Base.lproj/Main.storyboard; sourceTree = "<group>"; };
		711A343C1DC3539000F5B5D2 /* Info.plist */ = {isa = PBXFileReference; lastKnownFileType = text.plist.xml; path = Info.plist; sourceTree = "<group>"; };
		BA10437925EB63320066BA1B /* WindowVC.h */ = {isa = PBXFileReference; lastKnownFileType = sourcecode.c.h; path = WindowVC.h; sourceTree = "<group>"; };
		BA10437A25EB63320066BA1B /* WindowVC.m */ = {isa = PBXFileReference; lastKnownFileType = sourcecode.c.objc; path = WindowVC.m; sourceTree = "<group>"; };
		BA10438025EBB6A60066BA1B /* FixtureVC.h */ = {isa = PBXFileReference; lastKnownFileType = sourcecode.c.h; path = FixtureVC.h; sourceTree = "<group>"; };
		BA10438125EBB6A60066BA1B /* FixtureVC.m */ = {isa = PBXFileReference; lastKnownFileType = sourcecode.c.objc; path = FixtureVC.m; sourceTree = "<group>"; };
		BA10438225EBB6A60066BA1B /* FixtureVC.xib */ = {isa = PBXFileReference; lastKnownFileType = file.xib; path = FixtureVC.xib; sourceTree = "<group>"; };
		BA10438925EBDE450066BA1B /* EditCmdsVC.h */ = {isa = PBXFileReference; lastKnownFileType = sourcecode.c.h; path = EditCmdsVC.h; sourceTree = "<group>"; };
		BA10438A25EBDE450066BA1B /* EditCmdsVC.m */ = {isa = PBXFileReference; lastKnownFileType = sourcecode.c.objc; path = EditCmdsVC.m; sourceTree = "<group>"; };
		BA10438B25EBDE450066BA1B /* EditCmdsVC.xib */ = {isa = PBXFileReference; lastKnownFileType = file.xib; path = EditCmdsVC.xib; sourceTree = "<group>"; };
		BA1D976E2631CF2D0066545F /* CwGeneralManagerFrameWork.framework */ = {isa = PBXFileReference; lastKnownFileType = wrapper.framework; path = CwGeneralManagerFrameWork.framework; sourceTree = "<group>"; };
		BA7F996D262F2BB80016F975 /* CatchFwVc.h */ = {isa = PBXFileReference; lastKnownFileType = sourcecode.c.h; path = CatchFwVc.h; sourceTree = "<group>"; };
		BA7F996E262F2BB80016F975 /* CatchFwVc.m */ = {isa = PBXFileReference; lastKnownFileType = sourcecode.c.objc; path = CatchFwVc.m; sourceTree = "<group>"; };
		BA7F996F262F2BB80016F975 /* CatchFwVc.xib */ = {isa = PBXFileReference; lastKnownFileType = file.xib; path = CatchFwVc.xib; sourceTree = "<group>"; };
		BA7F9972262F31E30016F975 /* DFU_Station_CatchFW.py */ = {isa = PBXFileReference; fileEncoding = 4; lastKnownFileType = text.script.python; path = DFU_Station_CatchFW.py; sourceTree = "<group>"; };
		BA7F9974262F35320016F975 /* CwGeneralManagerFrameWork.framework */ = {isa = PBXFileReference; lastKnownFileType = wrapper.framework; name = CwGeneralManagerFrameWork.framework; path = ../../../../../Library/Developer/Xcode/DerivedData/Build/Products/Debug/CwGeneralManagerFrameWork.framework; sourceTree = "<group>"; };
		BA8E4C8A25EBE7810056F67F /* SnVauleMode.h */ = {isa = PBXFileReference; fileEncoding = 4; lastKnownFileType = sourcecode.c.h; path = SnVauleMode.h; sourceTree = "<group>"; };
		BA8E4C8B25EBE7810056F67F /* SnVauleMode.m */ = {isa = PBXFileReference; fileEncoding = 4; lastKnownFileType = sourcecode.c.objc; path = SnVauleMode.m; sourceTree = "<group>"; };
		BA8E4CF725EC04E00056F67F /* DFUFixture.h */ = {isa = PBXFileReference; lastKnownFileType = sourcecode.c.h; path = DFUFixture.h; sourceTree = "<group>"; };
		BA8E4D5825EDCA3A0056F67F /* libDFUFixture.dylib */ = {isa = PBXFileReference; lastKnownFileType = "compiled.mach-o.dylib"; name = libDFUFixture.dylib; path = ../../../../../Library/Developer/Xcode/DerivedData/Build/Products/Debug/libDFUFixture.dylib; sourceTree = "<group>"; };
		BAB4315025B32A38003F0AFB /* ExtensionConst.m */ = {isa = PBXFileReference; fileEncoding = 4; lastKnownFileType = sourcecode.c.objc; path = ExtensionConst.m; sourceTree = "<group>"; };
		BAB4315125B32A38003F0AFB /* ExtensionConst.h */ = {isa = PBXFileReference; fileEncoding = 4; lastKnownFileType = sourcecode.c.h; path = ExtensionConst.h; sourceTree = "<group>"; };
		BAB4316F25B332E2003F0AFB /* ViewController.xib */ = {isa = PBXFileReference; fileEncoding = 4; lastKnownFileType = file.xib; path = ViewController.xib; sourceTree = "<group>"; };
		BAB4317025B332E2003F0AFB /* ViewController.h */ = {isa = PBXFileReference; fileEncoding = 4; lastKnownFileType = sourcecode.c.h; path = ViewController.h; sourceTree = "<group>"; };
		BAB4317125B332E2003F0AFB /* ViewController.m */ = {isa = PBXFileReference; fileEncoding = 4; lastKnownFileType = sourcecode.c.objc; path = ViewController.m; sourceTree = "<group>"; };
		BAE84F30262DBEEA00C42696 /* AtlasLogVC.m */ = {isa = PBXFileReference; fileEncoding = 4; lastKnownFileType = sourcecode.c.objc; path = AtlasLogVC.m; sourceTree = "<group>"; };
		BAE84F31262DBEEB00C42696 /* AtlasLogVC.xib */ = {isa = PBXFileReference; fileEncoding = 4; lastKnownFileType = file.xib; path = AtlasLogVC.xib; sourceTree = "<group>"; };
		BAE84F32262DBEEB00C42696 /* AtlasLogVC.h */ = {isa = PBXFileReference; fileEncoding = 4; lastKnownFileType = sourcecode.c.h; path = AtlasLogVC.h; sourceTree = "<group>"; };
		BAE84F38262DBEFD00C42696 /* ItemMode.m */ = {isa = PBXFileReference; fileEncoding = 4; lastKnownFileType = sourcecode.c.objc; path = ItemMode.m; sourceTree = "<group>"; };
		BAE84F39262DBEFE00C42696 /* ItemMode.h */ = {isa = PBXFileReference; fileEncoding = 4; lastKnownFileType = sourcecode.c.h; path = ItemMode.h; sourceTree = "<group>"; };
		BAE84F3B262DC0F800C42696 /* AtlasMode.h */ = {isa = PBXFileReference; lastKnownFileType = sourcecode.c.h; path = AtlasMode.h; sourceTree = "<group>"; };
		BAE84F3C262DC0F800C42696 /* AtlasMode.m */ = {isa = PBXFileReference; lastKnownFileType = sourcecode.c.objc; path = AtlasMode.m; sourceTree = "<group>"; };
		BAE84F3E262DE86400C42696 /* FileDragView.h */ = {isa = PBXFileReference; fileEncoding = 4; lastKnownFileType = sourcecode.c.h; path = FileDragView.h; sourceTree = "<group>"; };
		BAE84F3F262DE86500C42696 /* FileDragView.m */ = {isa = PBXFileReference; fileEncoding = 4; lastKnownFileType = sourcecode.c.objc; path = FileDragView.m; sourceTree = "<group>"; };
		BAE84F41262F255B00C42696 /* libDFUFixture.dylib */ = {isa = PBXFileReference; lastKnownFileType = "compiled.mach-o.dylib"; path = libDFUFixture.dylib; sourceTree = "<group>"; };
/* End PBXFileReference section */

/* Begin PBXFrameworksBuildPhase section */
		711A34281DC3539000F5B5D2 /* Frameworks */ = {
			isa = PBXFrameworksBuildPhase;
			buildActionMask = 2147483647;
			files = (
				BA1D976F2631CF2D0066545F /* CwGeneralManagerFrameWork.framework in Frameworks */,
				BAE84F43262F257500C42696 /* libDFUFixture.dylib in Frameworks */,
			);
			runOnlyForDeploymentPostprocessing = 0;
		};
/* End PBXFrameworksBuildPhase section */

/* Begin PBXGroup section */
		711A34221DC3539000F5B5D2 = {
			isa = PBXGroup;
			children = (
				BA1D976E2631CF2D0066545F /* CwGeneralManagerFrameWork.framework */,
				BAE84F41262F255B00C42696 /* libDFUFixture.dylib */,
				711A342D1DC3539000F5B5D2 /* DFU_Tool */,
				711A342C1DC3539000F5B5D2 /* Products */,
				BAB4314625B328C1003F0AFB /* Frameworks */,
			);
			sourceTree = "<group>";
		};
		711A342C1DC3539000F5B5D2 /* Products */ = {
			isa = PBXGroup;
			children = (
				711A342B1DC3539000F5B5D2 /* DFU_Tool.app */,
			);
			name = Products;
			sourceTree = "<group>";
		};
		711A342D1DC3539000F5B5D2 /* DFU_Tool */ = {
			isa = PBXGroup;
			children = (
				BA8E4CF725EC04E00056F67F /* DFUFixture.h */,
				711A342E1DC3539000F5B5D2 /* AppDelegate.h */,
				711A342F1DC3539000F5B5D2 /* AppDelegate.m */,
				BAE84F39262DBEFE00C42696 /* ItemMode.h */,
				BAE84F38262DBEFD00C42696 /* ItemMode.m */,
				BA8E4C8A25EBE7810056F67F /* SnVauleMode.h */,
				BA8E4C8B25EBE7810056F67F /* SnVauleMode.m */,
				BA10438925EBDE450066BA1B /* EditCmdsVC.h */,
				BA10438A25EBDE450066BA1B /* EditCmdsVC.m */,
				BA10438B25EBDE450066BA1B /* EditCmdsVC.xib */,
				BAE84F32262DBEEB00C42696 /* AtlasLogVC.h */,
				BAE84F30262DBEEA00C42696 /* AtlasLogVC.m */,
				BAE84F31262DBEEB00C42696 /* AtlasLogVC.xib */,
				BAE84F3B262DC0F800C42696 /* AtlasMode.h */,
				BAE84F3C262DC0F800C42696 /* AtlasMode.m */,
				BAE84F3E262DE86400C42696 /* FileDragView.h */,
				BAE84F3F262DE86500C42696 /* FileDragView.m */,
				BA10437925EB63320066BA1B /* WindowVC.h */,
				BA10437A25EB63320066BA1B /* WindowVC.m */,
				BA10438025EBB6A60066BA1B /* FixtureVC.h */,
				BA10438125EBB6A60066BA1B /* FixtureVC.m */,
				BA10438225EBB6A60066BA1B /* FixtureVC.xib */,
				BAB4317025B332E2003F0AFB /* ViewController.h */,
				BAB4317125B332E2003F0AFB /* ViewController.m */,
				BAB4316F25B332E2003F0AFB /* ViewController.xib */,
				BAB4315125B32A38003F0AFB /* ExtensionConst.h */,
				BAB4315025B32A38003F0AFB /* ExtensionConst.m */,
				BA7F996D262F2BB80016F975 /* CatchFwVc.h */,
				BA7F996E262F2BB80016F975 /* CatchFwVc.m */,
				BA7F996F262F2BB80016F975 /* CatchFwVc.xib */,
				BA7F9972262F31E30016F975 /* DFU_Station_CatchFW.py */,
				711A34371DC3539000F5B5D2 /* Assets.xcassets */,
				711A34391DC3539000F5B5D2 /* Main.storyboard */,
				711A343C1DC3539000F5B5D2 /* Info.plist */,
				711A34311DC3539000F5B5D2 /* Supporting Files */,
			);
			path = DFU_Tool;
			sourceTree = "<group>";
		};
		711A34311DC3539000F5B5D2 /* Supporting Files */ = {
			isa = PBXGroup;
			children = (
				711A34321DC3539000F5B5D2 /* main.m */,
			);
			name = "Supporting Files";
			sourceTree = "<group>";
		};
		BAB4314625B328C1003F0AFB /* Frameworks */ = {
			isa = PBXGroup;
			children = (
				BA7F9974262F35320016F975 /* CwGeneralManagerFrameWork.framework */,
				BA8E4D5825EDCA3A0056F67F /* libDFUFixture.dylib */,
			);
			name = Frameworks;
			sourceTree = "<group>";
		};
/* End PBXGroup section */

/* Begin PBXNativeTarget section */
		711A342A1DC3539000F5B5D2 /* DFU_Tool */ = {
			isa = PBXNativeTarget;
			buildConfigurationList = 711A343F1DC3539000F5B5D2 /* Build configuration list for PBXNativeTarget "DFU_Tool" */;
			buildPhases = (
				711A34271DC3539000F5B5D2 /* Sources */,
				711A34281DC3539000F5B5D2 /* Frameworks */,
				711A34291DC3539000F5B5D2 /* Resources */,
				BA8E4D4325ED42DA0056F67F /* Embed Frameworks */,
			);
			buildRules = (
			);
			dependencies = (
			);
			name = DFU_Tool;
			productName = DFU_Tool;
			productReference = 711A342B1DC3539000F5B5D2 /* DFU_Tool.app */;
			productType = "com.apple.product-type.application";
		};
/* End PBXNativeTarget section */

/* Begin PBXProject section */
		711A34231DC3539000F5B5D2 /* Project object */ = {
			isa = PBXProject;
			attributes = {
				LastUpgradeCheck = 0800;
				ORGANIZATIONNAME = macdev;
				TargetAttributes = {
					711A342A1DC3539000F5B5D2 = {
						CreatedOnToolsVersion = 8.0;
						ProvisioningStyle = Automatic;
					};
				};
			};
			buildConfigurationList = 711A34261DC3539000F5B5D2 /* Build configuration list for PBXProject "DFU_Tool" */;
			compatibilityVersion = "Xcode 3.2";
			developmentRegion = English;
			hasScannedForEncodings = 0;
			knownRegions = (
				English,
				en,
				Base,
			);
			mainGroup = 711A34221DC3539000F5B5D2;
			productRefGroup = 711A342C1DC3539000F5B5D2 /* Products */;
			projectDirPath = "";
			projectRoot = "";
			targets = (
				711A342A1DC3539000F5B5D2 /* DFU_Tool */,
			);
		};
/* End PBXProject section */

/* Begin PBXResourcesBuildPhase section */
		711A34291DC3539000F5B5D2 /* Resources */ = {
			isa = PBXResourcesBuildPhase;
			buildActionMask = 2147483647;
			files = (
				BA7F9973262F31E30016F975 /* DFU_Station_CatchFW.py in Resources */,
				711A34381DC3539000F5B5D2 /* Assets.xcassets in Resources */,
				BAE84F34262DBEEB00C42696 /* AtlasLogVC.xib in Resources */,
				711A343B1DC3539000F5B5D2 /* Main.storyboard in Resources */,
				BA10438425EBB6A60066BA1B /* FixtureVC.xib in Resources */,
				BA10438D25EBDE450066BA1B /* EditCmdsVC.xib in Resources */,
				BAB4317225B332E2003F0AFB /* ViewController.xib in Resources */,
				BA7F9971262F2BB80016F975 /* CatchFwVc.xib in Resources */,
			);
			runOnlyForDeploymentPostprocessing = 0;
		};
/* End PBXResourcesBuildPhase section */

/* Begin PBXSourcesBuildPhase section */
		711A34271DC3539000F5B5D2 /* Sources */ = {
			isa = PBXSourcesBuildPhase;
			buildActionMask = 2147483647;
			files = (
				BAE84F33262DBEEB00C42696 /* AtlasLogVC.m in Sources */,
				BA7F9970262F2BB80016F975 /* CatchFwVc.m in Sources */,
				BA10438325EBB6A60066BA1B /* FixtureVC.m in Sources */,
				BAE84F40262DE86500C42696 /* FileDragView.m in Sources */,
				BAE84F3A262DBEFE00C42696 /* ItemMode.m in Sources */,
				BAE84F3D262DC0F800C42696 /* AtlasMode.m in Sources */,
				BA10438C25EBDE450066BA1B /* EditCmdsVC.m in Sources */,
				711A34331DC3539000F5B5D2 /* main.m in Sources */,
				BA8E4C8C25EBE7810056F67F /* SnVauleMode.m in Sources */,
				BAB4315225B32A38003F0AFB /* ExtensionConst.m in Sources */,
				711A34301DC3539000F5B5D2 /* AppDelegate.m in Sources */,
				BA10437C25EB63320066BA1B /* WindowVC.m in Sources */,
				BAB4317325B332E2003F0AFB /* ViewController.m in Sources */,
			);
			runOnlyForDeploymentPostprocessing = 0;
		};
/* End PBXSourcesBuildPhase section */

/* Begin PBXVariantGroup section */
		711A34391DC3539000F5B5D2 /* Main.storyboard */ = {
			isa = PBXVariantGroup;
			children = (
				711A343A1DC3539000F5B5D2 /* Base */,
			);
			name = Main.storyboard;
			sourceTree = "<group>";
		};
/* End PBXVariantGroup section */

/* Begin XCBuildConfiguration section */
		711A343D1DC3539000F5B5D2 /* Debug */ = {
			isa = XCBuildConfiguration;
			buildSettings = {
				ALWAYS_SEARCH_USER_PATHS = NO;
				CLANG_ANALYZER_NONNULL = YES;
				CLANG_CXX_LANGUAGE_STANDARD = "gnu++0x";
				CLANG_CXX_LIBRARY = "libc++";
				CLANG_ENABLE_MODULES = YES;
				CLANG_ENABLE_OBJC_ARC = YES;
				CLANG_WARN_BOOL_CONVERSION = YES;
				CLANG_WARN_CONSTANT_CONVERSION = YES;
				CLANG_WARN_DIRECT_OBJC_ISA_USAGE = YES_ERROR;
				CLANG_WARN_DOCUMENTATION_COMMENTS = YES;
				CLANG_WARN_EMPTY_BODY = YES;
				CLANG_WARN_ENUM_CONVERSION = YES;
				CLANG_WARN_INFINITE_RECURSION = YES;
				CLANG_WARN_INT_CONVERSION = YES;
				CLANG_WARN_OBJC_ROOT_CLASS = YES_ERROR;
				CLANG_WARN_SUSPICIOUS_MOVES = YES;
				CLANG_WARN_UNREACHABLE_CODE = YES;
				CLANG_WARN__DUPLICATE_METHOD_MATCH = YES;
				CODE_SIGN_IDENTITY = "-";
				COPY_PHASE_STRIP = NO;
				DEBUG_INFORMATION_FORMAT = dwarf;
				ENABLE_STRICT_OBJC_MSGSEND = YES;
				ENABLE_TESTABILITY = YES;
				GCC_C_LANGUAGE_STANDARD = gnu99;
				GCC_DYNAMIC_NO_PIC = NO;
				GCC_NO_COMMON_BLOCKS = YES;
				GCC_OPTIMIZATION_LEVEL = 0;
				GCC_PREPROCESSOR_DEFINITIONS = (
					"DEBUG=1",
					"$(inherited)",
				);
				GCC_WARN_64_TO_32_BIT_CONVERSION = YES;
				GCC_WARN_ABOUT_RETURN_TYPE = YES_ERROR;
				GCC_WARN_UNDECLARED_SELECTOR = YES;
				GCC_WARN_UNINITIALIZED_AUTOS = YES_AGGRESSIVE;
				GCC_WARN_UNUSED_FUNCTION = YES;
				GCC_WARN_UNUSED_VARIABLE = YES;
				MACOSX_DEPLOYMENT_TARGET = 10.11;
				MTL_ENABLE_DEBUG_INFO = YES;
				ONLY_ACTIVE_ARCH = YES;
				SDKROOT = macosx;
			};
			name = Debug;
		};
		711A343E1DC3539000F5B5D2 /* Release */ = {
			isa = XCBuildConfiguration;
			buildSettings = {
				ALWAYS_SEARCH_USER_PATHS = NO;
				CLANG_ANALYZER_NONNULL = YES;
				CLANG_CXX_LANGUAGE_STANDARD = "gnu++0x";
				CLANG_CXX_LIBRARY = "libc++";
				CLANG_ENABLE_MODULES = YES;
				CLANG_ENABLE_OBJC_ARC = YES;
				CLANG_WARN_BOOL_CONVERSION = YES;
				CLANG_WARN_CONSTANT_CONVERSION = YES;
				CLANG_WARN_DIRECT_OBJC_ISA_USAGE = YES_ERROR;
				CLANG_WARN_DOCUMENTATION_COMMENTS = YES;
				CLANG_WARN_EMPTY_BODY = YES;
				CLANG_WARN_ENUM_CONVERSION = YES;
				CLANG_WARN_INFINITE_RECURSION = YES;
				CLANG_WARN_INT_CONVERSION = YES;
				CLANG_WARN_OBJC_ROOT_CLASS = YES_ERROR;
				CLANG_WARN_SUSPICIOUS_MOVES = YES;
				CLANG_WARN_UNREACHABLE_CODE = YES;
				CLANG_WARN__DUPLICATE_METHOD_MATCH = YES;
				CODE_SIGN_IDENTITY = "-";
				COPY_PHASE_STRIP = NO;
				DEBUG_INFORMATION_FORMAT = "dwarf-with-dsym";
				ENABLE_NS_ASSERTIONS = NO;
				ENABLE_STRICT_OBJC_MSGSEND = YES;
				GCC_C_LANGUAGE_STANDARD = gnu99;
				GCC_NO_COMMON_BLOCKS = YES;
				GCC_WARN_64_TO_32_BIT_CONVERSION = YES;
				GCC_WARN_ABOUT_RETURN_TYPE = YES_ERROR;
				GCC_WARN_UNDECLARED_SELECTOR = YES;
				GCC_WARN_UNINITIALIZED_AUTOS = YES_AGGRESSIVE;
				GCC_WARN_UNUSED_FUNCTION = YES;
				GCC_WARN_UNUSED_VARIABLE = YES;
				MACOSX_DEPLOYMENT_TARGET = 10.11;
				MTL_ENABLE_DEBUG_INFO = NO;
				SDKROOT = macosx;
			};
			name = Release;
		};
		711A34401DC3539000F5B5D2 /* Debug */ = {
			isa = XCBuildConfiguration;
			buildSettings = {
				ASSETCATALOG_COMPILER_APPICON_NAME = AppIcon;
				COMBINE_HIDPI_IMAGES = YES;
				FRAMEWORK_SEARCH_PATHS = "$(PROJECT_DIR)";
				INFOPLIST_FILE = DFU_Tool/Info.plist;
				LD_RUNPATH_SEARCH_PATHS = "@executable_path/../Frameworks";
				LIBRARY_SEARCH_PATHS = "$(PROJECT_DIR)";
				OTHER_LDFLAGS = "-ObjC";
				PRODUCT_BUNDLE_IDENTIFIER = app.io.DFU_Tool;
				PRODUCT_NAME = "$(TARGET_NAME)";
			};
			name = Debug;
		};
		711A34411DC3539000F5B5D2 /* Release */ = {
			isa = XCBuildConfiguration;
			buildSettings = {
				ASSETCATALOG_COMPILER_APPICON_NAME = AppIcon;
				COMBINE_HIDPI_IMAGES = YES;
				FRAMEWORK_SEARCH_PATHS = "$(PROJECT_DIR)";
				INFOPLIST_FILE = DFU_Tool/Info.plist;
				LD_RUNPATH_SEARCH_PATHS = "@executable_path/../Frameworks";
				LIBRARY_SEARCH_PATHS = "$(PROJECT_DIR)";
				OTHER_LDFLAGS = "-ObjC";
				PRODUCT_BUNDLE_IDENTIFIER = app.io.DFU_Tool;
				PRODUCT_NAME = "$(TARGET_NAME)";
			};
			name = Release;
		};
/* End XCBuildConfiguration section */

/* Begin XCConfigurationList section */
		711A34261DC3539000F5B5D2 /* Build configuration list for PBXProject "DFU_Tool" */ = {
			isa = XCConfigurationList;
			buildConfigurations = (
				711A343D1DC3539000F5B5D2 /* Debug */,
				711A343E1DC3539000F5B5D2 /* Release */,
			);
			defaultConfigurationIsVisible = 0;
			defaultConfigurationName = Release;
		};
		711A343F1DC3539000F5B5D2 /* Build configuration list for PBXNativeTarget "DFU_Tool" */ = {
			isa = XCConfigurationList;
			buildConfigurations = (
				711A34401DC3539000F5B5D2 /* Debug */,
				711A34411DC3539000F5B5D2 /* Release */,
			);
			defaultConfigurationIsVisible = 0;
			defaultConfigurationName = Release;
		};
/* End XCConfigurationList section */
	};
	rootObject = 711A34231DC3539000F5B5D2 /* Project object */;
}
